// !$*UTF8*$!
{
	archiveVersion = 1;
	classes = {
	};
	objectVersion = 46;
	objects = {

/* Begin PBXBuildFile section */
		2352CAD81CA13ED4001AB571 /* AppDelegate.m in Sources */ = {isa = PBXBuildFile; fileRef = 2352CAD71CA13ED4001AB571 /* AppDelegate.m */; };
		2352CAE31CA13F14001AB571 /* Assets.xcassets in Resources */ = {isa = PBXBuildFile; fileRef = 2352CAE21CA13F14001AB571 /* Assets.xcassets */; };
		2352CAE91CA13F1C001AB571 /* LaunchScreen.storyboard in Resources */ = {isa = PBXBuildFile; fileRef = 2352CAE51CA13F1C001AB571 /* LaunchScreen.storyboard */; };
		2352CAEA1CA13F1C001AB571 /* Main.storyboard in Resources */ = {isa = PBXBuildFile; fileRef = 2352CAE71CA13F1C001AB571 /* Main.storyboard */; };
		2352CAEE1CA13F23001AB571 /* Info.plist in Resources */ = {isa = PBXBuildFile; fileRef = 2352CAEC1CA13F23001AB571 /* Info.plist */; };
		2352CAEF1CA13F23001AB571 /* main.m in Sources */ = {isa = PBXBuildFile; fileRef = 2352CAED1CA13F23001AB571 /* main.m */; };
		236D9BC21CA2B23B00A5C89D /* APPhotoAlbum.m in Sources */ = {isa = PBXBuildFile; fileRef = 236D9BC11CA2B23B00A5C89D /* APPhotoAlbum.m */; };
		236D9BC81CA2E01D00A5C89D /* APAlbumTableViewCell.m in Sources */ = {isa = PBXBuildFile; fileRef = 236D9BC71CA2E01D00A5C89D /* APAlbumTableViewCell.m */; };
		236D9BCC1CA3085800A5C89D /* APAlbumsViewController.m in Sources */ = {isa = PBXBuildFile; fileRef = 236D9BCB1CA3085800A5C89D /* APAlbumsViewController.m */; };
		236D9BD01CA309F500A5C89D /* APAlbumDetailViewController.m in Sources */ = {isa = PBXBuildFile; fileRef = 236D9BCF1CA309F500A5C89D /* APAlbumDetailViewController.m */; };
		236D9BD91CA321A200A5C89D /* APPhotosViewController.m in Sources */ = {isa = PBXBuildFile; fileRef = 236D9BD81CA321A200A5C89D /* APPhotosViewController.m */; };
		23828D871CA41A2000EC060C /* APPhotoCell.m in Sources */ = {isa = PBXBuildFile; fileRef = 23828D851CA41A2000EC060C /* APPhotoCell.m */; };
		23828D881CA41A2000EC060C /* APPhotoCell.xib in Resources */ = {isa = PBXBuildFile; fileRef = 23828D861CA41A2000EC060C /* APPhotoCell.xib */; };
/* End PBXBuildFile section */

/* Begin PBXFileReference section */
		2352CABB1CA13CDF001AB571 /* PhotosApp.app */ = {isa = PBXFileReference; explicitFileType = wrapper.application; includeInIndex = 0; path = PhotosApp.app; sourceTree = BUILT_PRODUCTS_DIR; };
		2352CAD61CA13ED4001AB571 /* AppDelegate.h */ = {isa = PBXFileReference; fileEncoding = 4; lastKnownFileType = sourcecode.c.h; path = AppDelegate.h; sourceTree = "<group>"; };
		2352CAD71CA13ED4001AB571 /* AppDelegate.m */ = {isa = PBXFileReference; fileEncoding = 4; lastKnownFileType = sourcecode.c.objc; path = AppDelegate.m; sourceTree = "<group>"; };
		2352CAE21CA13F14001AB571 /* Assets.xcassets */ = {isa = PBXFileReference; lastKnownFileType = folder.assetcatalog; path = Assets.xcassets; sourceTree = "<group>"; };
		2352CAE61CA13F1C001AB571 /* Base */ = {isa = PBXFileReference; lastKnownFileType = file.storyboard; name = Base; path = Base.lproj/LaunchScreen.storyboard; sourceTree = "<group>"; };
		2352CAE81CA13F1C001AB571 /* Base */ = {isa = PBXFileReference; lastKnownFileType = file.storyboard; name = Base; path = Base.lproj/Main.storyboard; sourceTree = "<group>"; };
		2352CAEC1CA13F23001AB571 /* Info.plist */ = {isa = PBXFileReference; fileEncoding = 4; lastKnownFileType = text.plist.xml; path = Info.plist; sourceTree = "<group>"; };
		2352CAED1CA13F23001AB571 /* main.m */ = {isa = PBXFileReference; fileEncoding = 4; lastKnownFileType = sourcecode.c.objc; path = main.m; sourceTree = "<group>"; };
		236D9BC01CA2B23B00A5C89D /* APPhotoAlbum.h */ = {isa = PBXFileReference; fileEncoding = 4; lastKnownFileType = sourcecode.c.h; path = APPhotoAlbum.h; sourceTree = "<group>"; };
		236D9BC11CA2B23B00A5C89D /* APPhotoAlbum.m */ = {isa = PBXFileReference; fileEncoding = 4; lastKnownFileType = sourcecode.c.objc; path = APPhotoAlbum.m; sourceTree = "<group>"; };
		236D9BC61CA2E01D00A5C89D /* APAlbumTableViewCell.h */ = {isa = PBXFileReference; fileEncoding = 4; lastKnownFileType = sourcecode.c.h; path = APAlbumTableViewCell.h; sourceTree = "<group>"; };
		236D9BC71CA2E01D00A5C89D /* APAlbumTableViewCell.m */ = {isa = PBXFileReference; fileEncoding = 4; lastKnownFileType = sourcecode.c.objc; path = APAlbumTableViewCell.m; sourceTree = "<group>"; };
		236D9BCA1CA3085800A5C89D /* APAlbumsViewController.h */ = {isa = PBXFileReference; fileEncoding = 4; lastKnownFileType = sourcecode.c.h; path = APAlbumsViewController.h; sourceTree = "<group>"; };
		236D9BCB1CA3085800A5C89D /* APAlbumsViewController.m */ = {isa = PBXFileReference; fileEncoding = 4; lastKnownFileType = sourcecode.c.objc; path = APAlbumsViewController.m; sourceTree = "<group>"; };
		236D9BCE1CA309F500A5C89D /* APAlbumDetailViewController.h */ = {isa = PBXFileReference; fileEncoding = 4; lastKnownFileType = sourcecode.c.h; path = APAlbumDetailViewController.h; sourceTree = "<group>"; };
		236D9BCF1CA309F500A5C89D /* APAlbumDetailViewController.m */ = {isa = PBXFileReference; fileEncoding = 4; lastKnownFileType = sourcecode.c.objc; path = APAlbumDetailViewController.m; sourceTree = "<group>"; };
		236D9BD71CA321A200A5C89D /* APPhotosViewController.h */ = {isa = PBXFileReference; fileEncoding = 4; lastKnownFileType = sourcecode.c.h; path = APPhotosViewController.h; sourceTree = "<group>"; };
		236D9BD81CA321A200A5C89D /* APPhotosViewController.m */ = {isa = PBXFileReference; fileEncoding = 4; lastKnownFileType = sourcecode.c.objc; path = APPhotosViewController.m; sourceTree = "<group>"; };
		23828D841CA41A2000EC060C /* APPhotoCell.h */ = {isa = PBXFileReference; fileEncoding = 4; lastKnownFileType = sourcecode.c.h; path = APPhotoCell.h; sourceTree = "<group>"; };
		23828D851CA41A2000EC060C /* APPhotoCell.m */ = {isa = PBXFileReference; fileEncoding = 4; lastKnownFileType = sourcecode.c.objc; path = APPhotoCell.m; sourceTree = "<group>"; };
		23828D861CA41A2000EC060C /* APPhotoCell.xib */ = {isa = PBXFileReference; fileEncoding = 4; lastKnownFileType = file.xib; path = APPhotoCell.xib; sourceTree = "<group>"; };
/* End PBXFileReference section */

/* Begin PBXFrameworksBuildPhase section */
		2352CAB81CA13CDF001AB571 /* Frameworks */ = {
			isa = PBXFrameworksBuildPhase;
			buildActionMask = 2147483647;
			files = (
			);
			runOnlyForDeploymentPostprocessing = 0;
		};
/* End PBXFrameworksBuildPhase section */

/* Begin PBXGroup section */
		2352CAB21CA13CDF001AB571 = {
			isa = PBXGroup;
			children = (
				2352CABD1CA13CDF001AB571 /* PhotosApp */,
				2352CABC1CA13CDF001AB571 /* Products */,
			);
			sourceTree = "<group>";
		};
		2352CABC1CA13CDF001AB571 /* Products */ = {
			isa = PBXGroup;
			children = (
				2352CABB1CA13CDF001AB571 /* PhotosApp.app */,
			);
			name = Products;
			sourceTree = "<group>";
		};
		2352CABD1CA13CDF001AB571 /* PhotosApp */ = {
			isa = PBXGroup;
			children = (
				2352CAEB1CA13F23001AB571 /* Supporting Files */,
				2352CAE41CA13F1C001AB571 /* Storyboard */,
				2352CAE11CA13F14001AB571 /* Resources */,
				236D9BBF1CA2B21200A5C89D /* Model */,
				2352CAF01CA13F2B001AB571 /* Views */,
				2352CADA1CA13EFA001AB571 /* Controllers */,
				2352CAD51CA13ED4001AB571 /* AppDelegate */,
			);
			path = PhotosApp;
			sourceTree = "<group>";
		};
		2352CAD51CA13ED4001AB571 /* AppDelegate */ = {
			isa = PBXGroup;
			children = (
				2352CAD61CA13ED4001AB571 /* AppDelegate.h */,
				2352CAD71CA13ED4001AB571 /* AppDelegate.m */,
			);
			path = AppDelegate;
			sourceTree = "<group>";
		};
		2352CADA1CA13EFA001AB571 /* Controllers */ = {
			isa = PBXGroup;
			children = (
				236D9BD61CA31DD900A5C89D /* Photo */,
				236D9BCD1CA3098B00A5C89D /* Album */,
				236D9BC91CA3085800A5C89D /* Albums */,
			);
			path = Controllers;
			sourceTree = "<group>";
		};
		2352CAE11CA13F14001AB571 /* Resources */ = {
			isa = PBXGroup;
			children = (
				2352CAE21CA13F14001AB571 /* Assets.xcassets */,
			);
			path = Resources;
			sourceTree = "<group>";
		};
		2352CAE41CA13F1C001AB571 /* Storyboard */ = {
			isa = PBXGroup;
			children = (
				2352CAE51CA13F1C001AB571 /* LaunchScreen.storyboard */,
				2352CAE71CA13F1C001AB571 /* Main.storyboard */,
			);
			path = Storyboard;
			sourceTree = "<group>";
		};
		2352CAEB1CA13F23001AB571 /* Supporting Files */ = {
			isa = PBXGroup;
			children = (
				2352CAEC1CA13F23001AB571 /* Info.plist */,
				2352CAED1CA13F23001AB571 /* main.m */,
			);
			path = "Supporting Files";
			sourceTree = "<group>";
		};
		2352CAF01CA13F2B001AB571 /* Views */ = {
			isa = PBXGroup;
			children = (
				236D9BD51CA31DD200A5C89D /* Photo */,
				236D9BD11CA30B7000A5C89D /* Album */,
				236D9BC41CA2DFD800A5C89D /* Albums */,
			);
			path = Views;
			sourceTree = "<group>";
		};
		236D9BBF1CA2B21200A5C89D /* Model */ = {
			isa = PBXGroup;
			children = (
				236D9BC01CA2B23B00A5C89D /* APPhotoAlbum.h */,
				236D9BC11CA2B23B00A5C89D /* APPhotoAlbum.m */,
			);
			path = Model;
			sourceTree = "<group>";
		};
		236D9BC41CA2DFD800A5C89D /* Albums */ = {
			isa = PBXGroup;
			children = (
				236D9BC51CA2DFD800A5C89D /* Cells */,
			);
			path = Albums;
			sourceTree = "<group>";
		};
		236D9BC51CA2DFD800A5C89D /* Cells */ = {
			isa = PBXGroup;
			children = (
				236D9BC61CA2E01D00A5C89D /* APAlbumTableViewCell.h */,
				236D9BC71CA2E01D00A5C89D /* APAlbumTableViewCell.m */,
			);
			path = Cells;
			sourceTree = "<group>";
		};
		236D9BC91CA3085800A5C89D /* Albums */ = {
			isa = PBXGroup;
			children = (
				236D9BCA1CA3085800A5C89D /* APAlbumsViewController.h */,
				236D9BCB1CA3085800A5C89D /* APAlbumsViewController.m */,
			);
			path = Albums;
			sourceTree = "<group>";
		};
		236D9BCD1CA3098B00A5C89D /* Album */ = {
			isa = PBXGroup;
			children = (
				236D9BCE1CA309F500A5C89D /* APAlbumDetailViewController.h */,
				236D9BCF1CA309F500A5C89D /* APAlbumDetailViewController.m */,
			);
			path = Album;
			sourceTree = "<group>";
		};
		236D9BD11CA30B7000A5C89D /* Album */ = {
			isa = PBXGroup;
			children = (
				23828D831CA41A2000EC060C /* Cells */,
			);
			path = Album;
			sourceTree = "<group>";
		};
		236D9BD51CA31DD200A5C89D /* Photo */ = {
			isa = PBXGroup;
			children = (
			);
			path = Photo;
			sourceTree = "<group>";
		};
		236D9BD61CA31DD900A5C89D /* Photo */ = {
			isa = PBXGroup;
			children = (
				236D9BD71CA321A200A5C89D /* APPhotosViewController.h */,
				236D9BD81CA321A200A5C89D /* APPhotosViewController.m */,
			);
			path = Photo;
			sourceTree = "<group>";
		};
		23828D831CA41A2000EC060C /* Cells */ = {
			isa = PBXGroup;
			children = (
				23828D841CA41A2000EC060C /* APPhotoCell.h */,
				23828D851CA41A2000EC060C /* APPhotoCell.m */,
				23828D861CA41A2000EC060C /* APPhotoCell.xib */,
			);
			path = Cells;
			sourceTree = "<group>";
		};
/* End PBXGroup section */

/* Begin PBXNativeTarget section */
		2352CABA1CA13CDF001AB571 /* PhotosApp */ = {
			isa = PBXNativeTarget;
			buildConfigurationList = 2352CAD21CA13CDF001AB571 /* Build configuration list for PBXNativeTarget "PhotosApp" */;
			buildPhases = (
				2352CAB71CA13CDF001AB571 /* Sources */,
				2352CAB81CA13CDF001AB571 /* Frameworks */,
				2352CAB91CA13CDF001AB571 /* Resources */,
			);
			buildRules = (
			);
			dependencies = (
			);
			name = PhotosApp;
			productName = PhotosApp;
			productReference = 2352CABB1CA13CDF001AB571 /* PhotosApp.app */;
			productType = "com.apple.product-type.application";
		};
/* End PBXNativeTarget section */

/* Begin PBXProject section */
		2352CAB31CA13CDF001AB571 /* Project object */ = {
			isa = PBXProject;
			attributes = {
				LastUpgradeCheck = 0720;
				ORGANIZATIONNAME = "Andrey Polunin";
				TargetAttributes = {
					2352CABA1CA13CDF001AB571 = {
						CreatedOnToolsVersion = 7.2.1;
						DevelopmentTeam = SY3U8WK3FX;
					};
				};
			};
			buildConfigurationList = 2352CAB61CA13CDF001AB571 /* Build configuration list for PBXProject "PhotosApp" */;
			compatibilityVersion = "Xcode 3.2";
			developmentRegion = English;
			hasScannedForEncodings = 0;
			knownRegions = (
				en,
				Base,
			);
			mainGroup = 2352CAB21CA13CDF001AB571;
			productRefGroup = 2352CABC1CA13CDF001AB571 /* Products */;
			projectDirPath = "";
			projectRoot = "";
			targets = (
				2352CABA1CA13CDF001AB571 /* PhotosApp */,
			);
		};
/* End PBXProject section */

/* Begin PBXResourcesBuildPhase section */
		2352CAB91CA13CDF001AB571 /* Resources */ = {
			isa = PBXResourcesBuildPhase;
			buildActionMask = 2147483647;
			files = (
				2352CAE31CA13F14001AB571 /* Assets.xcassets in Resources */,
				23828D881CA41A2000EC060C /* APPhotoCell.xib in Resources */,
				2352CAEA1CA13F1C001AB571 /* Main.storyboard in Resources */,
				2352CAE91CA13F1C001AB571 /* LaunchScreen.storyboard in Resources */,
				2352CAEE1CA13F23001AB571 /* Info.plist in Resources */,
			);
			runOnlyForDeploymentPostprocessing = 0;
		};
/* End PBXResourcesBuildPhase section */

/* Begin PBXSourcesBuildPhase section */
		2352CAB71CA13CDF001AB571 /* Sources */ = {
			isa = PBXSourcesBuildPhase;
			buildActionMask = 2147483647;
			files = (
				236D9BD91CA321A200A5C89D /* APPhotosViewController.m in Sources */,
				23828D871CA41A2000EC060C /* APPhotoCell.m in Sources */,
				2352CAD81CA13ED4001AB571 /* AppDelegate.m in Sources */,
				236D9BCC1CA3085800A5C89D /* APAlbumsViewController.m in Sources */,
				236D9BD01CA309F500A5C89D /* APAlbumDetailViewController.m in Sources */,
				236D9BC21CA2B23B00A5C89D /* APPhotoAlbum.m in Sources */,
				236D9BC81CA2E01D00A5C89D /* APAlbumTableViewCell.m in Sources */,
				2352CAEF1CA13F23001AB571 /* main.m in Sources */,
			);
			runOnlyForDeploymentPostprocessing = 0;
		};
/* End PBXSourcesBuildPhase section */

/* Begin PBXVariantGroup section */
		2352CAE51CA13F1C001AB571 /* LaunchScreen.storyboard */ = {
			isa = PBXVariantGroup;
			children = (
				2352CAE61CA13F1C001AB571 /* Base */,
			);
			name = LaunchScreen.storyboard;
			sourceTree = "<group>";
		};
		2352CAE71CA13F1C001AB571 /* Main.storyboard */ = {
			isa = PBXVariantGroup;
			children = (
				2352CAE81CA13F1C001AB571 /* Base */,
			);
			name = Main.storyboard;
			sourceTree = "<group>";
		};
/* End PBXVariantGroup section */

/* Begin XCBuildConfiguration section */
		2352CAD01CA13CDF001AB571 /* Debug */ = {
			isa = XCBuildConfiguration;
			buildSettings = {
				ALWAYS_SEARCH_USER_PATHS = NO;
				CLANG_CXX_LANGUAGE_STANDARD = "gnu++0x";
				CLANG_CXX_LIBRARY = "libc++";
				CLANG_ENABLE_MODULES = YES;
				CLANG_ENABLE_OBJC_ARC = YES;
				CLANG_WARN_BOOL_CONVERSION = YES;
				CLANG_WARN_CONSTANT_CONVERSION = YES;
				CLANG_WARN_DIRECT_OBJC_ISA_USAGE = YES_ERROR;
				CLANG_WARN_EMPTY_BODY = YES;
				CLANG_WARN_ENUM_CONVERSION = YES;
				CLANG_WARN_INT_CONVERSION = YES;
				CLANG_WARN_OBJC_ROOT_CLASS = YES_ERROR;
				CLANG_WARN_UNREACHABLE_CODE = YES;
				CLANG_WARN__DUPLICATE_METHOD_MATCH = YES;
				"CODE_SIGN_IDENTITY[sdk=iphoneos*]" = "iPhone Developer";
				COPY_PHASE_STRIP = NO;
				DEBUG_INFORMATION_FORMAT = dwarf;
				ENABLE_STRICT_OBJC_MSGSEND = YES;
				ENABLE_TESTABILITY = YES;
				GCC_C_LANGUAGE_STANDARD = gnu99;
				GCC_DYNAMIC_NO_PIC = NO;
				GCC_NO_COMMON_BLOCKS = YES;
				GCC_OPTIMIZATION_LEVEL = 0;
				GCC_PREPROCESSOR_DEFINITIONS = (
					"DEBUG=1",
					"$(inherited)",
				);
				GCC_WARN_64_TO_32_BIT_CONVERSION = YES;
				GCC_WARN_ABOUT_RETURN_TYPE = YES_ERROR;
				GCC_WARN_UNDECLARED_SELECTOR = YES;
				GCC_WARN_UNINITIALIZED_AUTOS = YES_AGGRESSIVE;
				GCC_WARN_UNUSED_FUNCTION = YES;
				GCC_WARN_UNUSED_VARIABLE = YES;
				IPHONEOS_DEPLOYMENT_TARGET = 9.2;
				MTL_ENABLE_DEBUG_INFO = YES;
				ONLY_ACTIVE_ARCH = YES;
				SDKROOT = iphoneos;
			};
			name = Debug;
		};
		2352CAD11CA13CDF001AB571 /* Release */ = {
			isa = XCBuildConfiguration;
			buildSettings = {
				ALWAYS_SEARCH_USER_PATHS = NO;
				CLANG_CXX_LANGUAGE_STANDARD = "gnu++0x";
				CLANG_CXX_LIBRARY = "libc++";
				CLANG_ENABLE_MODULES = YES;
				CLANG_ENABLE_OBJC_ARC = YES;
				CLANG_WARN_BOOL_CONVERSION = YES;
				CLANG_WARN_CONSTANT_CONVERSION = YES;
				CLANG_WARN_DIRECT_OBJC_ISA_USAGE = YES_ERROR;
				CLANG_WARN_EMPTY_BODY = YES;
				CLANG_WARN_ENUM_CONVERSION = YES;
				CLANG_WARN_INT_CONVERSION = YES;
				CLANG_WARN_OBJC_ROOT_CLASS = YES_ERROR;
				CLANG_WARN_UNREACHABLE_CODE = YES;
				CLANG_WARN__DUPLICATE_METHOD_MATCH = YES;
				"CODE_SIGN_IDENTITY[sdk=iphoneos*]" = "iPhone Developer";
				COPY_PHASE_STRIP = NO;
				DEBUG_INFORMATION_FORMAT = "dwarf-with-dsym";
				ENABLE_NS_ASSERTIONS = NO;
				ENABLE_STRICT_OBJC_MSGSEND = YES;
				GCC_C_LANGUAGE_STANDARD = gnu99;
				GCC_NO_COMMON_BLOCKS = YES;
				GCC_WARN_64_TO_32_BIT_CONVERSION = YES;
				GCC_WARN_ABOUT_RETURN_TYPE = YES_ERROR;
				GCC_WARN_UNDECLARED_SELECTOR = YES;
				GCC_WARN_UNINITIALIZED_AUTOS = YES_AGGRESSIVE;
				GCC_WARN_UNUSED_FUNCTION = YES;
				GCC_WARN_UNUSED_VARIABLE = YES;
				IPHONEOS_DEPLOYMENT_TARGET = 9.2;
				MTL_ENABLE_DEBUG_INFO = NO;
				SDKROOT = iphoneos;
				VALIDATE_PRODUCT = YES;
			};
			name = Release;
		};
		2352CAD31CA13CDF001AB571 /* Debug */ = {
			isa = XCBuildConfiguration;
			buildSettings = {
				ASSETCATALOG_COMPILER_APPICON_NAME = AppIcon;
				CODE_SIGN_IDENTITY = "iPhone Developer";
				INFOPLIST_FILE = "$(SRCROOT)/PhotosApp/Supporting Files/Info.plist";
				IPHONEOS_DEPLOYMENT_TARGET = 9.0;
				LD_RUNPATH_SEARCH_PATHS = "$(inherited) @executable_path/Frameworks";
				PRODUCT_BUNDLE_IDENTIFIER = AP.PhotosApp;
				PRODUCT_NAME = "$(TARGET_NAME)";
			};
			name = Debug;
		};
		2352CAD41CA13CDF001AB571 /* Release */ = {
			isa = XCBuildConfiguration;
			buildSettings = {
				ASSETCATALOG_COMPILER_APPICON_NAME = AppIcon;
				CODE_SIGN_IDENTITY = "iPhone Developer";
				INFOPLIST_FILE = "$(SRCROOT)/PhotosApp/Supporting Files/Info.plist";
				IPHONEOS_DEPLOYMENT_TARGET = 9.0;
				LD_RUNPATH_SEARCH_PATHS = "$(inherited) @executable_path/Frameworks";
				PRODUCT_BUNDLE_IDENTIFIER = AP.PhotosApp;
				PRODUCT_NAME = "$(TARGET_NAME)";
			};
			name = Release;
		};
/* End XCBuildConfiguration section */

/* Begin XCConfigurationList section */
		2352CAB61CA13CDF001AB571 /* Build configuration list for PBXProject "PhotosApp" */ = {
			isa = XCConfigurationList;
			buildConfigurations = (
				2352CAD01CA13CDF001AB571 /* Debug */,
				2352CAD11CA13CDF001AB571 /* Release */,
			);
			defaultConfigurationIsVisible = 0;
			defaultConfigurationName = Release;
		};
		2352CAD21CA13CDF001AB571 /* Build configuration list for PBXNativeTarget "PhotosApp" */ = {
			isa = XCConfigurationList;
			buildConfigurations = (
				2352CAD31CA13CDF001AB571 /* Debug */,
				2352CAD41CA13CDF001AB571 /* Release */,
			);
			defaultConfigurationIsVisible = 0;
			defaultConfigurationName = Release;
		};
/* End XCConfigurationList section */
	};
	rootObject = 2352CAB31CA13CDF001AB571 /* Project object */;
}
